
Microsoft Visual Studio Solution File, Format Version 12.00
# Visual Studio 15
VisualStudioVersion = 15.0.28307.779
MinimumVisualStudioVersion = 10.0.40219.1
Project("{FAE04EC0-301F-11D3-BF4B-00C04F79EFBC}") = "CompareWindows", "CompareWindows.csproj", "{9A1B00F3-59BF-4F4C-8DEA-842AE42B0B1D}"
EndProject
Global
	GlobalSection(SolutionConfigurationPlatforms) = preSolution
		Debug|Any CPU = Debug|Any CPU
		Release|Any CPU = Release|Any CPU
	EndGlobalSection
	GlobalSection(ProjectConfigurationPlatforms) = postSolution
		{9A1B00F3-59BF-4F4C-8DEA-842AE42B0B1D}.Debug|Any CPU.ActiveCfg = Debug|Any CPU
		{9A1B00F3-59BF-4F4C-8DEA-842AE42B0B1D}.Debug|Any CPU.Build.0 = Debug|Any CPU
		{9A1B00F3-59BF-4F4C-8DEA-842AE42B0B1D}.Release|Any CPU.ActiveCfg = Release|Any CPU
		{9A1B00F3-59BF-4F4C-8DEA-842AE42B0B1D}.Release|Any CPU.Build.0 = Release|Any CPU
	EndGlobalSection
	GlobalSection(SolutionProperties) = preSolution
		HideSolutionNode = FALSE
	EndGlobalSection
	GlobalSection(ExtensibilityGlobals) = postSolution
		SolutionGuid = {0F4D374E-3F1E-4189-9FF4-D672EC9151C0}
	EndGlobalSection
EndGlobal
